
Microsoft Visual Studio Solution File, Format Version 12.00
# Visual Studio Version 16
VisualStudioVersion = 16.0.29318.209
MinimumVisualStudioVersion = 10.0.40219.1
Project("{FAE04EC0-301F-11D3-BF4B-00C04F79EFBC}") = "AnagramChecker-Library", "AnagramChecker-Library\AnagramChecker-Library.csproj", "{DB2B859B-D21A-4CAA-8F56-ECDAF18FE21E}"
EndProject
Project("{FAE04EC0-301F-11D3-BF4B-00C04F79EFBC}") = "AnagramChecker-Console", "AnagramChecker-Console\AnagramChecker-Console.csproj", "{7AB2F962-81AB-4137-B318-2BEF9C8172DD}"
EndProject
Project("{FAE04EC0-301F-11D3-BF4B-00C04F79EFBC}") = "AnagramChecker-Web", "AnagramChecker-Web\AnagramChecker-Web.csproj", "{D6E4BF44-D1E2-4DC4-AEC6-80E7B9DE9B54}"
EndProject
Global
	GlobalSection(SolutionConfigurationPlatforms) = preSolution
		Debug|Any CPU = Debug|Any CPU
		Release|Any CPU = Release|Any CPU
	EndGlobalSection
	GlobalSection(ProjectConfigurationPlatforms) = postSolution
		{DB2B859B-D21A-4CAA-8F56-ECDAF18FE21E}.Debug|Any CPU.ActiveCfg = Debug|Any CPU
		{DB2B859B-D21A-4CAA-8F56-ECDAF18FE21E}.Debug|Any CPU.Build.0 = Debug|Any CPU
		{DB2B859B-D21A-4CAA-8F56-ECDAF18FE21E}.Release|Any CPU.ActiveCfg = Release|Any CPU
		{DB2B859B-D21A-4CAA-8F56-ECDAF18FE21E}.Release|Any CPU.Build.0 = Release|Any CPU
		{7AB2F962-81AB-4137-B318-2BEF9C8172DD}.Debug|Any CPU.ActiveCfg = Debug|Any CPU
		{7AB2F962-81AB-4137-B318-2BEF9C8172DD}.Debug|Any CPU.Build.0 = Debug|Any CPU
		{7AB2F962-81AB-4137-B318-2BEF9C8172DD}.Release|Any CPU.ActiveCfg = Release|Any CPU
		{7AB2F962-81AB-4137-B318-2BEF9C8172DD}.Release|Any CPU.Build.0 = Release|Any CPU
		{D6E4BF44-D1E2-4DC4-AEC6-80E7B9DE9B54}.Debug|Any CPU.ActiveCfg = Debug|Any CPU
		{D6E4BF44-D1E2-4DC4-AEC6-80E7B9DE9B54}.Debug|Any CPU.Build.0 = Debug|Any CPU
		{D6E4BF44-D1E2-4DC4-AEC6-80E7B9DE9B54}.Release|Any CPU.ActiveCfg = Release|Any CPU
		{D6E4BF44-D1E2-4DC4-AEC6-80E7B9DE9B54}.Release|Any CPU.Build.0 = Release|Any CPU
	EndGlobalSection
	GlobalSection(SolutionProperties) = preSolution
		HideSolutionNode = FALSE
	EndGlobalSection
	GlobalSection(ExtensibilityGlobals) = postSolution
		SolutionGuid = {1EF5EAA3-98DC-4A70-A765-FA7C3200ABBA}
	EndGlobalSection
EndGlobal
